
Microsoft Visual Studio Solution File, Format Version 12.00
# Visual Studio Version 17
VisualStudioVersion = 17.11.35222.181
MinimumVisualStudioVersion = 10.0.40219.1
Project("{FAE04EC0-301F-11D3-BF4B-00C04F79EFBC}") = "TugasPRak", "TugasPRak\TugasPRak.csproj", "{DBCC38F4-1C12-4E0D-9864-69F9002A18FB}"
EndProject
Global
	GlobalSection(SolutionConfigurationPlatforms) = preSolution
		Debug|Any CPU = Debug|Any CPU
		Release|Any CPU = Release|Any CPU
	EndGlobalSection
	GlobalSection(ProjectConfigurationPlatforms) = postSolution
		{DBCC38F4-1C12-4E0D-9864-69F9002A18FB}.Debug|Any CPU.ActiveCfg = Debug|Any CPU
		{DBCC38F4-1C12-4E0D-9864-69F9002A18FB}.Debug|Any CPU.Build.0 = Debug|Any CPU
		{DBCC38F4-1C12-4E0D-9864-69F9002A18FB}.Release|Any CPU.ActiveCfg = Release|Any CPU
		{DBCC38F4-1C12-4E0D-9864-69F9002A18FB}.Release|Any CPU.Build.0 = Release|Any CPU
	EndGlobalSection
	GlobalSection(SolutionProperties) = preSolution
		HideSolutionNode = FALSE
	EndGlobalSection
	GlobalSection(ExtensibilityGlobals) = postSolution
		SolutionGuid = {FFA7269A-CCF9-4D26-A2FF-29A68A2336A9}
	EndGlobalSection
EndGlobal
